
Microsoft Visual Studio Solution File, Format Version 12.00
# Visual Studio 2013
VisualStudioVersion = 12.0.31101.0
MinimumVisualStudioVersion = 10.0.40219.1
Project("{FAE04EC0-301F-11D3-BF4B-00C04F79EFBC}") = "moneyleash", "moneyleash.csproj", "{FCD4F9DC-5938-469A-AED7-EEC324970BE6}"
EndProject
Global
	GlobalSection(SolutionConfigurationPlatforms) = preSolution
		Debug|Any CPU = Debug|Any CPU
		Release|Any CPU = Release|Any CPU
	EndGlobalSection
	GlobalSection(ProjectConfigurationPlatforms) = postSolution
		{FCD4F9DC-5938-469A-AED7-EEC324970BE6}.Debug|Any CPU.ActiveCfg = Debug|Any CPU
		{FCD4F9DC-5938-469A-AED7-EEC324970BE6}.Debug|Any CPU.Build.0 = Debug|Any CPU
		{FCD4F9DC-5938-469A-AED7-EEC324970BE6}.Release|Any CPU.ActiveCfg = Release|Any CPU
		{FCD4F9DC-5938-469A-AED7-EEC324970BE6}.Release|Any CPU.Build.0 = Release|Any CPU
	EndGlobalSection
	GlobalSection(SolutionProperties) = preSolution
		HideSolutionNode = FALSE
	EndGlobalSection
EndGlobal
